
Microsoft Visual Studio Solution File, Format Version 12.00
# Visual Studio Version 17
VisualStudioVersion = 17.9.34714.143
MinimumVisualStudioVersion = 10.0.40219.1
Project("{FAE04EC0-301F-11D3-BF4B-00C04F79EFBC}") = "EX09", "EX09.csproj", "{5982B62D-99C4-4D3B-A304-F13545F9421E}"
EndProject
Global
	GlobalSection(SolutionConfigurationPlatforms) = preSolution
		Debug|Any CPU = Debug|Any CPU
		Release|Any CPU = Release|Any CPU
	EndGlobalSection
	GlobalSection(ProjectConfigurationPlatforms) = postSolution
		{5982B62D-99C4-4D3B-A304-F13545F9421E}.Debug|Any CPU.ActiveCfg = Debug|Any CPU
		{5982B62D-99C4-4D3B-A304-F13545F9421E}.Debug|Any CPU.Build.0 = Debug|Any CPU
		{5982B62D-99C4-4D3B-A304-F13545F9421E}.Release|Any CPU.ActiveCfg = Release|Any CPU
		{5982B62D-99C4-4D3B-A304-F13545F9421E}.Release|Any CPU.Build.0 = Release|Any CPU
	EndGlobalSection
	GlobalSection(SolutionProperties) = preSolution
		HideSolutionNode = FALSE
	EndGlobalSection
	GlobalSection(ExtensibilityGlobals) = postSolution
		SolutionGuid = {E9414724-6880-466F-AEED-9364D6285090}
	EndGlobalSection
EndGlobal
