
Microsoft Visual Studio Solution File, Format Version 12.00
# Visual Studio Version 17
VisualStudioVersion = 17.9.34714.143
MinimumVisualStudioVersion = 10.0.40219.1
Project("{FAE04EC0-301F-11D3-BF4B-00C04F79EFBC}") = "EX10", "EX10.csproj", "{CE651762-667F-4687-99C2-D845A549AA14}"
EndProject
Global
	GlobalSection(SolutionConfigurationPlatforms) = preSolution
		Debug|Any CPU = Debug|Any CPU
		Release|Any CPU = Release|Any CPU
	EndGlobalSection
	GlobalSection(ProjectConfigurationPlatforms) = postSolution
		{CE651762-667F-4687-99C2-D845A549AA14}.Debug|Any CPU.ActiveCfg = Debug|Any CPU
		{CE651762-667F-4687-99C2-D845A549AA14}.Debug|Any CPU.Build.0 = Debug|Any CPU
		{CE651762-667F-4687-99C2-D845A549AA14}.Release|Any CPU.ActiveCfg = Release|Any CPU
		{CE651762-667F-4687-99C2-D845A549AA14}.Release|Any CPU.Build.0 = Release|Any CPU
	EndGlobalSection
	GlobalSection(SolutionProperties) = preSolution
		HideSolutionNode = FALSE
	EndGlobalSection
	GlobalSection(ExtensibilityGlobals) = postSolution
		SolutionGuid = {7CEF82EB-D908-44FA-BB25-A4804348A92B}
	EndGlobalSection
EndGlobal
