
Microsoft Visual Studio Solution File, Format Version 12.00
# Visual Studio Version 17
VisualStudioVersion = 17.9.34714.143
MinimumVisualStudioVersion = 10.0.40219.1
Project("{FAE04EC0-301F-11D3-BF4B-00C04F79EFBC}") = "EX02", "EX02.csproj", "{866E45A1-B3FD-4A75-8DF6-486D4EDB9518}"
EndProject
Global
	GlobalSection(SolutionConfigurationPlatforms) = preSolution
		Debug|Any CPU = Debug|Any CPU
		Release|Any CPU = Release|Any CPU
	EndGlobalSection
	GlobalSection(ProjectConfigurationPlatforms) = postSolution
		{866E45A1-B3FD-4A75-8DF6-486D4EDB9518}.Debug|Any CPU.ActiveCfg = Debug|Any CPU
		{866E45A1-B3FD-4A75-8DF6-486D4EDB9518}.Debug|Any CPU.Build.0 = Debug|Any CPU
		{866E45A1-B3FD-4A75-8DF6-486D4EDB9518}.Release|Any CPU.ActiveCfg = Release|Any CPU
		{866E45A1-B3FD-4A75-8DF6-486D4EDB9518}.Release|Any CPU.Build.0 = Release|Any CPU
	EndGlobalSection
	GlobalSection(SolutionProperties) = preSolution
		HideSolutionNode = FALSE
	EndGlobalSection
	GlobalSection(ExtensibilityGlobals) = postSolution
		SolutionGuid = {AFCB2218-65F8-406F-B736-C7679335342B}
	EndGlobalSection
EndGlobal
